// !$*UTF8*$!
{
	archiveVersion = 1;
	classes = {
	};
	objectVersion = 46;
	objects = {

/* Begin PBXBuildFile section */
		BC8722031C02F0AC0083CBF9 /* AppDelegate.swift in Sources */ = {isa = PBXBuildFile; fileRef = BC8722021C02F0AC0083CBF9 /* AppDelegate.swift */; };
		BC8722051C02F0AC0083CBF9 /* ViewController.swift in Sources */ = {isa = PBXBuildFile; fileRef = BC8722041C02F0AC0083CBF9 /* ViewController.swift */; };
		BC8722081C02F0AC0083CBF9 /* Main.storyboard in Resources */ = {isa = PBXBuildFile; fileRef = BC8722061C02F0AC0083CBF9 /* Main.storyboard */; };
		BC87220A1C02F0AC0083CBF9 /* Assets.xcassets in Resources */ = {isa = PBXBuildFile; fileRef = BC8722091C02F0AC0083CBF9 /* Assets.xcassets */; };
		BC87220D1C02F0AC0083CBF9 /* LaunchScreen.storyboard in Resources */ = {isa = PBXBuildFile; fileRef = BC87220B1C02F0AC0083CBF9 /* LaunchScreen.storyboard */; };
		BC8722181C02F0AD0083CBF9 /* _23Tests.swift in Sources */ = {isa = PBXBuildFile; fileRef = BC8722171C02F0AD0083CBF9 /* _23Tests.swift */; };
/* End PBXBuildFile section */

/* Begin PBXContainerItemProxy section */
		BC8722141C02F0AD0083CBF9 /* PBXContainerItemProxy */ = {
			isa = PBXContainerItemProxy;
			containerPortal = BC8721F71C02F0AC0083CBF9 /* Project object */;
			proxyType = 1;
			remoteGlobalIDString = BC8721FE1C02F0AC0083CBF9;
			remoteInfo = 123;
		};
/* End PBXContainerItemProxy section */

/* Begin PBXFileReference section */
		BC8721FF1C02F0AC0083CBF9 /* 123.app */ = {isa = PBXFileReference; explicitFileType = wrapper.application; includeInIndex = 0; path = 123.app; sourceTree = BUILT_PRODUCTS_DIR; };
		BC8722021C02F0AC0083CBF9 /* AppDelegate.swift */ = {isa = PBXFileReference; lastKnownFileType = sourcecode.swift; path = AppDelegate.swift; sourceTree = "<group>"; };
		BC8722041C02F0AC0083CBF9 /* ViewController.swift */ = {isa = PBXFileReference; lastKnownFileType = sourcecode.swift; path = ViewController.swift; sourceTree = "<group>"; };
		BC8722071C02F0AC0083CBF9 /* Base */ = {isa = PBXFileReference; lastKnownFileType = file.storyboard; name = Base; path = Base.lproj/Main.storyboard; sourceTree = "<group>"; };
		BC8722091C02F0AC0083CBF9 /* Assets.xcassets */ = {isa = PBXFileReference; lastKnownFileType = folder.assetcatalog; path = Assets.xcassets; sourceTree = "<group>"; };
		BC87220C1C02F0AC0083CBF9 /* Base */ = {isa = PBXFileReference; lastKnownFileType = file.storyboard; name = Base; path = Base.lproj/LaunchScreen.storyboard; sourceTree = "<group>"; };
		BC87220E1C02F0AC0083CBF9 /* Info.plist */ = {isa = PBXFileReference; lastKnownFileType = text.plist.xml; path = Info.plist; sourceTree = "<group>"; };
		BC8722131C02F0AD0083CBF9 /* 123Tests.xctest */ = {isa = PBXFileReference; explicitFileType = wrapper.cfbundle; includeInIndex = 0; path = 123Tests.xctest; sourceTree = BUILT_PRODUCTS_DIR; };
		BC8722171C02F0AD0083CBF9 /* _23Tests.swift */ = {isa = PBXFileReference; lastKnownFileType = sourcecode.swift; path = _23Tests.swift; sourceTree = "<group>"; };
		BC8722191C02F0AD0083CBF9 /* Info.plist */ = {isa = PBXFileReference; lastKnownFileType = text.plist.xml; path = Info.plist; sourceTree = "<group>"; };
/* End PBXFileReference section */

/* Begin PBXFrameworksBuildPhase section */
		BC8721FC1C02F0AC0083CBF9 /* Frameworks */ = {
			isa = PBXFrameworksBuildPhase;
			buildActionMask = 2147483647;
			files = (
			);
			runOnlyForDeploymentPostprocessing = 0;
		};
		BC8722101C02F0AD0083CBF9 /* Frameworks */ = {
			isa = PBXFrameworksBuildPhase;
			buildActionMask = 2147483647;
			files = (
			);
			runOnlyForDeploymentPostprocessing = 0;
		};
/* End PBXFrameworksBuildPhase section */

/* Begin PBXGroup section */
		BC8721F61C02F0AC0083CBF9 = {
			isa = PBXGroup;
			children = (
				BC8722011C02F0AC0083CBF9 /* 123 */,
				BC8722161C02F0AD0083CBF9 /* 123Tests */,
				BC8722001C02F0AC0083CBF9 /* Products */,
			);
			sourceTree = "<group>";
		};
		BC8722001C02F0AC0083CBF9 /* Products */ = {
			isa = PBXGroup;
			children = (
				BC8721FF1C02F0AC0083CBF9 /* 123.app */,
				BC8722131C02F0AD0083CBF9 /* 123Tests.xctest */,
			);
			name = Products;
			sourceTree = "<group>";
		};
		BC8722011C02F0AC0083CBF9 /* 123 */ = {
			isa = PBXGroup;
			children = (
				BC8722021C02F0AC0083CBF9 /* AppDelegate.swift */,
				BC8722041C02F0AC0083CBF9 /* ViewController.swift */,
				BC8722061C02F0AC0083CBF9 /* Main.storyboard */,
				BC8722091C02F0AC0083CBF9 /* Assets.xcassets */,
				BC87220B1C02F0AC0083CBF9 /* LaunchScreen.storyboard */,
				BC87220E1C02F0AC0083CBF9 /* Info.plist */,
			);
			path = 123;
			sourceTree = "<group>";
		};
		BC8722161C02F0AD0083CBF9 /* 123Tests */ = {
			isa = PBXGroup;
			children = (
				BC8722171C02F0AD0083CBF9 /* _23Tests.swift */,
				BC8722191C02F0AD0083CBF9 /* Info.plist */,
			);
			path = 123Tests;
			sourceTree = "<group>";
		};
/* End PBXGroup section */

/* Begin PBXNativeTarget section */
		BC8721FE1C02F0AC0083CBF9 /* 123 */ = {
			isa = PBXNativeTarget;
			buildConfigurationList = BC87221C1C02F0AD0083CBF9 /* Build configuration list for PBXNativeTarget "123" */;
			buildPhases = (
				BC8721FB1C02F0AC0083CBF9 /* Sources */,
				BC8721FC1C02F0AC0083CBF9 /* Frameworks */,
				BC8721FD1C02F0AC0083CBF9 /* Resources */,
			);
			buildRules = (
			);
			dependencies = (
			);
			name = 123;
			productName = 123;
			productReference = BC8721FF1C02F0AC0083CBF9 /* 123.app */;
			productType = "com.apple.product-type.application";
		};
		BC8722121C02F0AD0083CBF9 /* 123Tests */ = {
			isa = PBXNativeTarget;
			buildConfigurationList = BC87221F1C02F0AD0083CBF9 /* Build configuration list for PBXNativeTarget "123Tests" */;
			buildPhases = (
				BC87220F1C02F0AD0083CBF9 /* Sources */,
				BC8722101C02F0AD0083CBF9 /* Frameworks */,
				BC8722111C02F0AD0083CBF9 /* Resources */,
			);
			buildRules = (
			);
			dependencies = (
				BC8722151C02F0AD0083CBF9 /* PBXTargetDependency */,
			);
			name = 123Tests;
			productName = 123Tests;
			productReference = BC8722131C02F0AD0083CBF9 /* 123Tests.xctest */;
			productType = "com.apple.product-type.bundle.unit-test";
		};
/* End PBXNativeTarget section */

/* Begin PBXProject section */
		BC8721F71C02F0AC0083CBF9 /* Project object */ = {
			isa = PBXProject;
			attributes = {
				LastSwiftUpdateCheck = 0710;
				LastUpgradeCheck = 0710;
				ORGANIZATIONNAME = LRBIncomplete;
				TargetAttributes = {
					BC8721FE1C02F0AC0083CBF9 = {
						CreatedOnToolsVersion = 7.1;
						DevelopmentTeam = R87PM7ZQCF;
					};
					BC8722121C02F0AD0083CBF9 = {
						CreatedOnToolsVersion = 7.1;
						DevelopmentTeam = R87PM7ZQCF;
						TestTargetID = BC8721FE1C02F0AC0083CBF9;
					};
				};
			};
			buildConfigurationList = BC8721FA1C02F0AC0083CBF9 /* Build configuration list for PBXProject "123" */;
			compatibilityVersion = "Xcode 3.2";
			developmentRegion = English;
			hasScannedForEncodings = 0;
			knownRegions = (
				en,
				Base,
			);
			mainGroup = BC8721F61C02F0AC0083CBF9;
			productRefGroup = BC8722001C02F0AC0083CBF9 /* Products */;
			projectDirPath = "";
			projectRoot = "";
			targets = (
				BC8721FE1C02F0AC0083CBF9 /* 123 */,
				BC8722121C02F0AD0083CBF9 /* 123Tests */,
			);
		};
/* End PBXProject section */

/* Begin PBXResourcesBuildPhase section */
		BC8721FD1C02F0AC0083CBF9 /* Resources */ = {
			isa = PBXResourcesBuildPhase;
			buildActionMask = 2147483647;
			files = (
				BC87220D1C02F0AC0083CBF9 /* LaunchScreen.storyboard in Resources */,
				BC87220A1C02F0AC0083CBF9 /* Assets.xcassets in Resources */,
				BC8722081C02F0AC0083CBF9 /* Main.storyboard in Resources */,
			);
			runOnlyForDeploymentPostprocessing = 0;
		};
		BC8722111C02F0AD0083CBF9 /* Resources */ = {
			isa = PBXResourcesBuildPhase;
			buildActionMask = 2147483647;
			files = (
			);
			runOnlyForDeploymentPostprocessing = 0;
		};
/* End PBXResourcesBuildPhase section */

/* Begin PBXSourcesBuildPhase section */
		BC8721FB1C02F0AC0083CBF9 /* Sources */ = {
			isa = PBXSourcesBuildPhase;
			buildActionMask = 2147483647;
			files = (
				BC8722051C02F0AC0083CBF9 /* ViewController.swift in Sources */,
				BC8722031C02F0AC0083CBF9 /* AppDelegate.swift in Sources */,
			);
			runOnlyForDeploymentPostprocessing = 0;
		};
		BC87220F1C02F0AD0083CBF9 /* Sources */ = {
			isa = PBXSourcesBuildPhase;
			buildActionMask = 2147483647;
			files = (
				BC8722181C02F0AD0083CBF9 /* _23Tests.swift in Sources */,
			);
			runOnlyForDeploymentPostprocessing = 0;
		};
/* End PBXSourcesBuildPhase section */

/* Begin PBXTargetDependency section */
		BC8722151C02F0AD0083CBF9 /* PBXTargetDependency */ = {
			isa = PBXTargetDependency;
			target = BC8721FE1C02F0AC0083CBF9 /* 123 */;
			targetProxy = BC8722141C02F0AD0083CBF9 /* PBXContainerItemProxy */;
		};
/* End PBXTargetDependency section */

/* Begin PBXVariantGroup section */
		BC8722061C02F0AC0083CBF9 /* Main.storyboard */ = {
			isa = PBXVariantGroup;
			children = (
				BC8722071C02F0AC0083CBF9 /* Base */,
			);
			name = Main.storyboard;
			sourceTree = "<group>";
		};
		BC87220B1C02F0AC0083CBF9 /* LaunchScreen.storyboard */ = {
			isa = PBXVariantGroup;
			children = (
				BC87220C1C02F0AC0083CBF9 /* Base */,
			);
			name = LaunchScreen.storyboard;
			sourceTree = "<group>";
		};
/* End PBXVariantGroup section */

/* Begin XCBuildConfiguration section */
		BC87221A1C02F0AD0083CBF9 /* Debug */ = {
			isa = XCBuildConfiguration;
			buildSettings = {
				ALWAYS_SEARCH_USER_PATHS = NO;
				CLANG_CXX_LANGUAGE_STANDARD = "gnu++0x";
				CLANG_CXX_LIBRARY = "libc++";
				CLANG_ENABLE_MODULES = YES;
				CLANG_ENABLE_OBJC_ARC = YES;
				CLANG_WARN_BOOL_CONVERSION = YES;
				CLANG_WARN_CONSTANT_CONVERSION = YES;
				CLANG_WARN_DIRECT_OBJC_ISA_USAGE = YES_ERROR;
				CLANG_WARN_EMPTY_BODY = YES;
				CLANG_WARN_ENUM_CONVERSION = YES;
				CLANG_WARN_INT_CONVERSION = YES;
				CLANG_WARN_OBJC_ROOT_CLASS = YES_ERROR;
				CLANG_WARN_UNREACHABLE_CODE = YES;
				CLANG_WARN__DUPLICATE_METHOD_MATCH = YES;
				"CODE_SIGN_IDENTITY[sdk=iphoneos*]" = "iPhone Developer";
				COPY_PHASE_STRIP = NO;
				DEBUG_INFORMATION_FORMAT = dwarf;
				ENABLE_STRICT_OBJC_MSGSEND = YES;
				ENABLE_TESTABILITY = YES;
				GCC_C_LANGUAGE_STANDARD = gnu99;
				GCC_DYNAMIC_NO_PIC = NO;
				GCC_NO_COMMON_BLOCKS = YES;
				GCC_OPTIMIZATION_LEVEL = 0;
				GCC_PREPROCESSOR_DEFINITIONS = (
					"DEBUG=1",
					"$(inherited)",
				);
				GCC_WARN_64_TO_32_BIT_CONVERSION = YES;
				GCC_WARN_ABOUT_RETURN_TYPE = YES_ERROR;
				GCC_WARN_UNDECLARED_SELECTOR = YES;
				GCC_WARN_UNINITIALIZED_AUTOS = YES_AGGRESSIVE;
				GCC_WARN_UNUSED_FUNCTION = YES;
				GCC_WARN_UNUSED_VARIABLE = YES;
				IPHONEOS_DEPLOYMENT_TARGET = 9.1;
				MTL_ENABLE_DEBUG_INFO = YES;
				ONLY_ACTIVE_ARCH = YES;
				SDKROOT = iphoneos;
				SWIFT_OPTIMIZATION_LEVEL = "-Onone";
			};
			name = Debug;
		};
		BC87221B1C02F0AD0083CBF9 /* Release */ = {
			isa = XCBuildConfiguration;
			buildSettings = {
				ALWAYS_SEARCH_USER_PATHS = NO;
				CLANG_CXX_LANGUAGE_STANDARD = "gnu++0x";
				CLANG_CXX_LIBRARY = "libc++";
				CLANG_ENABLE_MODULES = YES;
				CLANG_ENABLE_OBJC_ARC = YES;
				CLANG_WARN_BOOL_CONVERSION = YES;
				CLANG_WARN_CONSTANT_CONVERSION = YES;
				CLANG_WARN_DIRECT_OBJC_ISA_USAGE = YES_ERROR;
				CLANG_WARN_EMPTY_BODY = YES;
				CLANG_WARN_ENUM_CONVERSION = YES;
				CLANG_WARN_INT_CONVERSION = YES;
				CLANG_WARN_OBJC_ROOT_CLASS = YES_ERROR;
				CLANG_WARN_UNREACHABLE_CODE = YES;
				CLANG_WARN__DUPLICATE_METHOD_MATCH = YES;
				"CODE_SIGN_IDENTITY[sdk=iphoneos*]" = "iPhone Developer";
				COPY_PHASE_STRIP = NO;
				DEBUG_INFORMATION_FORMAT = "dwarf-with-dsym";
				ENABLE_NS_ASSERTIONS = NO;
				ENABLE_STRICT_OBJC_MSGSEND = YES;
				GCC_C_LANGUAGE_STANDARD = gnu99;
				GCC_NO_COMMON_BLOCKS = YES;
				GCC_WARN_64_TO_32_BIT_CONVERSION = YES;
				GCC_WARN_ABOUT_RETURN_TYPE = YES_ERROR;
				GCC_WARN_UNDECLARED_SELECTOR = YES;
				GCC_WARN_UNINITIALIZED_AUTOS = YES_AGGRESSIVE;
				GCC_WARN_UNUSED_FUNCTION = YES;
				GCC_WARN_UNUSED_VARIABLE = YES;
				IPHONEOS_DEPLOYMENT_TARGET = 9.1;
				MTL_ENABLE_DEBUG_INFO = NO;
				SDKROOT = iphoneos;
				VALIDATE_PRODUCT = YES;
			};
			name = Release;
		};
		BC87221D1C02F0AD0083CBF9 /* Debug */ = {
			isa = XCBuildConfiguration;
			buildSettings = {
				ASSETCATALOG_COMPILER_APPICON_NAME = AppIcon;
				INFOPLIST_FILE = 123/Info.plist;
				LD_RUNPATH_SEARCH_PATHS = "$(inherited) @executable_path/Frameworks";
				PRODUCT_BUNDLE_IDENTIFIER = "com.LRBIncomplete.-23";
				PRODUCT_NAME = "$(TARGET_NAME)";
			};
			name = Debug;
		};
		BC87221E1C02F0AD0083CBF9 /* Release */ = {
			isa = XCBuildConfiguration;
			buildSettings = {
				ASSETCATALOG_COMPILER_APPICON_NAME = AppIcon;
				INFOPLIST_FILE = 123/Info.plist;
				LD_RUNPATH_SEARCH_PATHS = "$(inherited) @executable_path/Frameworks";
				PRODUCT_BUNDLE_IDENTIFIER = "com.LRBIncomplete.-23";
				PRODUCT_NAME = "$(TARGET_NAME)";
			};
			name = Release;
		};
		BC8722201C02F0AD0083CBF9 /* Debug */ = {
			isa = XCBuildConfiguration;
			buildSettings = {
				BUNDLE_LOADER = "$(TEST_HOST)";
				INFOPLIST_FILE = 123Tests/Info.plist;
				LD_RUNPATH_SEARCH_PATHS = "$(inherited) @executable_path/Frameworks @loader_path/Frameworks";
				PRODUCT_BUNDLE_IDENTIFIER = "com.LRBIncomplete.-23Tests";
				PRODUCT_NAME = "$(TARGET_NAME)";
				TEST_HOST = "$(BUILT_PRODUCTS_DIR)/123.app/123";
			};
			name = Debug;
		};
		BC8722211C02F0AD0083CBF9 /* Release */ = {
			isa = XCBuildConfiguration;
			buildSettings = {
				BUNDLE_LOADER = "$(TEST_HOST)";
				INFOPLIST_FILE = 123Tests/Info.plist;
				LD_RUNPATH_SEARCH_PATHS = "$(inherited) @executable_path/Frameworks @loader_path/Frameworks";
				PRODUCT_BUNDLE_IDENTIFIER = "com.LRBIncomplete.-23Tests";
				PRODUCT_NAME = "$(TARGET_NAME)";
				TEST_HOST = "$(BUILT_PRODUCTS_DIR)/123.app/123";
			};
			name = Release;
		};
/* End XCBuildConfiguration section */

/* Begin XCConfigurationList section */
		BC8721FA1C02F0AC0083CBF9 /* Build configuration list for PBXProject "123" */ = {
			isa = XCConfigurationList;
			buildConfigurations = (
				BC87221A1C02F0AD0083CBF9 /* Debug */,
				BC87221B1C02F0AD0083CBF9 /* Release */,
			);
			defaultConfigurationIsVisible = 0;
			defaultConfigurationName = Release;
		};
		BC87221C1C02F0AD0083CBF9 /* Build configuration list for PBXNativeTarget "123" */ = {
			isa = XCConfigurationList;
			buildConfigurations = (
				BC87221D1C02F0AD0083CBF9 /* Debug */,
				BC87221E1C02F0AD0083CBF9 /* Release */,
			);
			defaultConfigurationIsVisible = 0;
		};
		BC87221F1C02F0AD0083CBF9 /* Build configuration list for PBXNativeTarget "123Tests" */ = {
			isa = XCConfigurationList;
			buildConfigurations = (
				BC8722201C02F0AD0083CBF9 /* Debug */,
				BC8722211C02F0AD0083CBF9 /* Release */,
			);
			defaultConfigurationIsVisible = 0;
		};
/* End XCConfigurationList section */
	};
	rootObject = BC8721F71C02F0AC0083CBF9 /* Project object */;
}
